{
  "nodes": {
    "flake-utils": {
      "locked": {
        "lastModified": 1667395993,
        "narHash": "sha256-nuEHfE/LcWyuSWnS8t12N1wc105Qtau+/OdUAjtQ0rA=",
        "owner": "numtide",
        "repo": "flake-utils",
        "rev": "5aed5285a952e0b949eb3ba02c12fa4fcfef535f",
        "type": "github"
      },
      "original": {
        "id": "flake-utils",
        "type": "indirect"
      }
    },
    "nixpkgs": {
      "locked": {
        "lastModified": 1671249438,
        "narHash": "sha256-5e+CcnbZA3/i2BRXbnzRS52Ly67MUNdZR+Zpbb2C65k=",
        "owner": "NixOS",
        "repo": "nixpkgs",
        "rev": "067bfc6c90a301572cec7da48f09c447a9a8eae0",
        "type": "github"
      },
      "original": {
        "id": "nixpkgs",
        "type": "indirect"
      }
    },
    "nixpkgs-jdk20": {
      "locked": {
        "lastModified": 1671277997,
        "narHash": "sha256-BPBxZV2ED7eD6wGXx6or3Q6Gw+ts6mUO59L07ONDIPI=",
        "owner": "tenaf0",
        "repo": "nixpkgs",
        "rev": "8d82d330df8a2e938445416157ea4c3f47e1dcbc",
        "type": "github"
      },
      "original": {
        "owner": "tenaf0",
        "ref": "openjdk20",
        "repo": "nixpkgs",
        "type": "github"
      }
    },
    "root": {
      "inputs": {
        "flake-utils": "flake-utils",
        "nixpkgs": "nixpkgs",
        "nixpkgs-jdk20": "nixpkgs-jdk20"
      }
    }
  },
  "root": "root",
  "version": 7
}
